# Code generated by scarb DO NOT EDIT.
version = 1

[[package]]
name = "openzeppelin"
version = "0.8.0"
source = "git+https://github.com/OpenZeppelin/cairo-contracts.git?tag=v0.8.0#6ab91b5cf57d6a7d02f2d5c5abfc7b5712bc8e47"

[[package]]
name = "snforge_scarb_plugin"
version = "0.35.1"
source = "registry+https://scarbs.xyz/"
checksum = "sha256:1b6d50abc7f306a06abf90649bcd60a3bc1cdf6d0dc21a9725c71b014a334bab"

[[package]]
name = "snforge_std"
version = "0.35.1"
source = "registry+https://scarbs.xyz/"
checksum = "sha256:e25cbeb9cbed6da8e14ab19ad0e7c1d888055dfee62978a845ce669cfaba5d93"
dependencies = [
 "snforge_scarb_plugin",
]

[[package]]
name = "strimz_contract"
version = "0.1.0"
dependencies = [
 "openzeppelin",
 "snforge_std",
]
